
Microsoft Visual Studio Solution File, Format Version 12.00
# Visual Studio Version 17
VisualStudioVersion = 17.4.33213.308
MinimumVisualStudioVersion = 10.0.40219.1
Project("{FAE04EC0-301F-11D3-BF4B-00C04F79EFBC}") = "HabibStore", "HabibStore\HabibStore.csproj", "{77E45E06-A953-412E-BC3C-FF3A15DE1744}"
EndProject
Global
	GlobalSection(SolutionConfigurationPlatforms) = preSolution
		Debug|Any CPU = Debug|Any CPU
		Release|Any CPU = Release|Any CPU
	EndGlobalSection
	GlobalSection(ProjectConfigurationPlatforms) = postSolution
		{77E45E06-A953-412E-BC3C-FF3A15DE1744}.Debug|Any CPU.ActiveCfg = Debug|Any CPU
		{77E45E06-A953-412E-BC3C-FF3A15DE1744}.Debug|Any CPU.Build.0 = Debug|Any CPU
		{77E45E06-A953-412E-BC3C-FF3A15DE1744}.Release|Any CPU.ActiveCfg = Release|Any CPU
		{77E45E06-A953-412E-BC3C-FF3A15DE1744}.Release|Any CPU.Build.0 = Release|Any CPU
	EndGlobalSection
	GlobalSection(SolutionProperties) = preSolution
		HideSolutionNode = FALSE
	EndGlobalSection
	GlobalSection(ExtensibilityGlobals) = postSolution
		SolutionGuid = {F916B342-6248-4B6C-8BF2-31772387B0B1}
	EndGlobalSection
EndGlobal
